
Microsoft Visual Studio Solution File, Format Version 12.00
# Visual Studio Version 17
VisualStudioVersion = 17.14.36623.8 d17.14
MinimumVisualStudioVersion = 10.0.40219.1
Project("{FAE04EC0-301F-11D3-BF4B-00C04F79EFBC}") = "A3_modelagem", "A3_modelagem\A3_modelagem.csproj", "{0E2F2A39-EF16-44F1-8E8C-9A7708711757}"
EndProject
Global
	GlobalSection(SolutionConfigurationPlatforms) = preSolution
		Debug|Any CPU = Debug|Any CPU
		Release|Any CPU = Release|Any CPU
	EndGlobalSection
	GlobalSection(ProjectConfigurationPlatforms) = postSolution
		{0E2F2A39-EF16-44F1-8E8C-9A7708711757}.Debug|Any CPU.ActiveCfg = Debug|Any CPU
		{0E2F2A39-EF16-44F1-8E8C-9A7708711757}.Debug|Any CPU.Build.0 = Debug|Any CPU
		{0E2F2A39-EF16-44F1-8E8C-9A7708711757}.Release|Any CPU.ActiveCfg = Release|Any CPU
		{0E2F2A39-EF16-44F1-8E8C-9A7708711757}.Release|Any CPU.Build.0 = Release|Any CPU
	EndGlobalSection
	GlobalSection(SolutionProperties) = preSolution
		HideSolutionNode = FALSE
	EndGlobalSection
	GlobalSection(ExtensibilityGlobals) = postSolution
		SolutionGuid = {A49F7806-947F-4548-92A6-552D15B76B9E}
	EndGlobalSection
EndGlobal
